// !$*UTF8*$!
{
	archiveVersion = 1;
	classes = {
	};
	objectVersion = 56;
	objects = {

/* Begin PBXBuildFile section */
		E92332702A7BD41E002D4C7C /* Enums.swift in Sources */ = {isa = PBXBuildFile; fileRef = E923326F2A7BD41E002D4C7C /* Enums.swift */; };
		E93E06912A7C492E00240069 /* ExplosionOne.sks in Resources */ = {isa = PBXBuildFile; fileRef = E93E068F2A7C492E00240069 /* ExplosionOne.sks */; };
		E96957722A804AE800DFDA0E /* StartView.swift in Sources */ = {isa = PBXBuildFile; fileRef = E96957712A804AE800DFDA0E /* StartView.swift */; };
		E96957742A804D4D00DFDA0E /* PrimaryButton.swift in Sources */ = {isa = PBXBuildFile; fileRef = E96957732A804D4D00DFDA0E /* PrimaryButton.swift */; };
		E99E29EB2A7EA04200142A22 /* GameScene+Touches.swift in Sources */ = {isa = PBXBuildFile; fileRef = E99E29EA2A7EA04200142A22 /* GameScene+Touches.swift */; };
		E99E29ED2A7EA0D400142A22 /* GameScene+UI.swift in Sources */ = {isa = PBXBuildFile; fileRef = E99E29EC2A7EA0D400142A22 /* GameScene+UI.swift */; };
		E99E29EF2A7EA1F000142A22 /* GameScene+Collisions.swift in Sources */ = {isa = PBXBuildFile; fileRef = E99E29EE2A7EA1F000142A22 /* GameScene+Collisions.swift */; };
		E99E29F32A7EA3A700142A22 /* Assets.xcassets in Resources */ = {isa = PBXBuildFile; fileRef = E99E29F22A7EA3A700142A22 /* Assets.xcassets */; };
		E9E9F8A42A7B12E9009400E9 /* SpaceShooterApp.swift in Sources */ = {isa = PBXBuildFile; fileRef = E9E9F8A32A7B12E9009400E9 /* SpaceShooterApp.swift */; };
		E9E9F8A62A7B12E9009400E9 /* ContentView.swift in Sources */ = {isa = PBXBuildFile; fileRef = E9E9F8A52A7B12E9009400E9 /* ContentView.swift */; };
		E9E9F8A82A7B12EA009400E9 /* Assets.xcassets in Resources */ = {isa = PBXBuildFile; fileRef = E9E9F8A72A7B12EA009400E9 /* Assets.xcassets */; };
		E9E9F8AB2A7B12EA009400E9 /* Preview Assets.xcassets in Resources */ = {isa = PBXBuildFile; fileRef = E9E9F8AA2A7B12EA009400E9 /* Preview Assets.xcassets */; };
		E9E9F8B22A7B139A009400E9 /* GameScene.swift in Sources */ = {isa = PBXBuildFile; fileRef = E9E9F8B12A7B139A009400E9 /* GameScene.swift */; };
/* End PBXBuildFile section */

/* Begin PBXFileReference section */
		E923326F2A7BD41E002D4C7C /* Enums.swift */ = {isa = PBXFileReference; lastKnownFileType = sourcecode.swift; path = Enums.swift; sourceTree = "<group>"; };
		E93E068F2A7C492E00240069 /* ExplosionOne.sks */ = {isa = PBXFileReference; lastKnownFileType = file.sks; path = ExplosionOne.sks; sourceTree = "<group>"; };
		E96957712A804AE800DFDA0E /* StartView.swift */ = {isa = PBXFileReference; lastKnownFileType = sourcecode.swift; path = StartView.swift; sourceTree = "<group>"; };
		E96957732A804D4D00DFDA0E /* PrimaryButton.swift */ = {isa = PBXFileReference; lastKnownFileType = sourcecode.swift; path = PrimaryButton.swift; sourceTree = "<group>"; };
		E99E29EA2A7EA04200142A22 /* GameScene+Touches.swift */ = {isa = PBXFileReference; lastKnownFileType = sourcecode.swift; path = "GameScene+Touches.swift"; sourceTree = "<group>"; };
		E99E29EC2A7EA0D400142A22 /* GameScene+UI.swift */ = {isa = PBXFileReference; lastKnownFileType = sourcecode.swift; path = "GameScene+UI.swift"; sourceTree = "<group>"; };
		E99E29EE2A7EA1F000142A22 /* GameScene+Collisions.swift */ = {isa = PBXFileReference; lastKnownFileType = sourcecode.swift; path = "GameScene+Collisions.swift"; sourceTree = "<group>"; };
		E99E29F22A7EA3A700142A22 /* Assets.xcassets */ = {isa = PBXFileReference; lastKnownFileType = folder.assetcatalog; path = Assets.xcassets; sourceTree = "<group>"; };
		E9E9F8A02A7B12E9009400E9 /* SpaceShooter.app */ = {isa = PBXFileReference; explicitFileType = wrapper.application; includeInIndex = 0; path = SpaceShooter.app; sourceTree = BUILT_PRODUCTS_DIR; };
		E9E9F8A32A7B12E9009400E9 /* SpaceShooterApp.swift */ = {isa = PBXFileReference; lastKnownFileType = sourcecode.swift; path = SpaceShooterApp.swift; sourceTree = "<group>"; };
		E9E9F8A52A7B12E9009400E9 /* ContentView.swift */ = {isa = PBXFileReference; lastKnownFileType = sourcecode.swift; path = ContentView.swift; sourceTree = "<group>"; };
		E9E9F8A72A7B12EA009400E9 /* Assets.xcassets */ = {isa = PBXFileReference; lastKnownFileType = folder.assetcatalog; path = Assets.xcassets; sourceTree = "<group>"; };
		E9E9F8AA2A7B12EA009400E9 /* Preview Assets.xcassets */ = {isa = PBXFileReference; lastKnownFileType = folder.assetcatalog; path = "Preview Assets.xcassets"; sourceTree = "<group>"; };
		E9E9F8B12A7B139A009400E9 /* GameScene.swift */ = {isa = PBXFileReference; lastKnownFileType = sourcecode.swift; path = GameScene.swift; sourceTree = "<group>"; };
/* End PBXFileReference section */

/* Begin PBXFrameworksBuildPhase section */
		E9E9F89D2A7B12E9009400E9 /* Frameworks */ = {
			isa = PBXFrameworksBuildPhase;
			buildActionMask = 2147483647;
			files = (
			);
			runOnlyForDeploymentPostprocessing = 0;
		};
/* End PBXFrameworksBuildPhase section */

/* Begin PBXGroup section */
		E93E068E2A7C491800240069 /* Particles */ = {
			isa = PBXGroup;
			children = (
				E93E068F2A7C492E00240069 /* ExplosionOne.sks */,
				E99E29F22A7EA3A700142A22 /* Assets.xcassets */,
			);
			path = Particles;
			sourceTree = "<group>";
		};
		E99E29E72A7EA00C00142A22 /* GameScene */ = {
			isa = PBXGroup;
			children = (
				E9E9F8B12A7B139A009400E9 /* GameScene.swift */,
				E99E29EA2A7EA04200142A22 /* GameScene+Touches.swift */,
				E99E29EC2A7EA0D400142A22 /* GameScene+UI.swift */,
				E99E29EE2A7EA1F000142A22 /* GameScene+Collisions.swift */,
			);
			path = GameScene;
			sourceTree = "<group>";
		};
		E99E29E82A7EA02900142A22 /* Views */ = {
			isa = PBXGroup;
			children = (
				E9E9F8A52A7B12E9009400E9 /* ContentView.swift */,
				E96957712A804AE800DFDA0E /* StartView.swift */,
			);
			path = Views;
			sourceTree = "<group>";
		};
		E99E29E92A7EA03000142A22 /* Utilities */ = {
			isa = PBXGroup;
			children = (
				E923326F2A7BD41E002D4C7C /* Enums.swift */,
				E96957732A804D4D00DFDA0E /* PrimaryButton.swift */,
			);
			path = Utilities;
			sourceTree = "<group>";
		};
		E9E9F8972A7B12E9009400E9 = {
			isa = PBXGroup;
			children = (
				E9E9F8A22A7B12E9009400E9 /* SpaceShooter */,
				E9E9F8A12A7B12E9009400E9 /* Products */,
			);
			sourceTree = "<group>";
		};
		E9E9F8A12A7B12E9009400E9 /* Products */ = {
			isa = PBXGroup;
			children = (
				E9E9F8A02A7B12E9009400E9 /* SpaceShooter.app */,
			);
			name = Products;
			sourceTree = "<group>";
		};
		E9E9F8A22A7B12E9009400E9 /* SpaceShooter */ = {
			isa = PBXGroup;
			children = (
				E9E9F8A32A7B12E9009400E9 /* SpaceShooterApp.swift */,
				E93E068E2A7C491800240069 /* Particles */,
				E99E29E72A7EA00C00142A22 /* GameScene */,
				E99E29E92A7EA03000142A22 /* Utilities */,
				E99E29E82A7EA02900142A22 /* Views */,
				E9E9F8A72A7B12EA009400E9 /* Assets.xcassets */,
				E9E9F8A92A7B12EA009400E9 /* Preview Content */,
			);
			path = SpaceShooter;
			sourceTree = "<group>";
		};
		E9E9F8A92A7B12EA009400E9 /* Preview Content */ = {
			isa = PBXGroup;
			children = (
				E9E9F8AA2A7B12EA009400E9 /* Preview Assets.xcassets */,
			);
			path = "Preview Content";
			sourceTree = "<group>";
		};
/* End PBXGroup section */

/* Begin PBXNativeTarget section */
		E9E9F89F2A7B12E9009400E9 /* SpaceShooter */ = {
			isa = PBXNativeTarget;
			buildConfigurationList = E9E9F8AE2A7B12EA009400E9 /* Build configuration list for PBXNativeTarget "SpaceShooter" */;
			buildPhases = (
				E9E9F89C2A7B12E9009400E9 /* Sources */,
				E9E9F89D2A7B12E9009400E9 /* Frameworks */,
				E9E9F89E2A7B12E9009400E9 /* Resources */,
			);
			buildRules = (
			);
			dependencies = (
			);
			name = SpaceShooter;
			productName = SpaceShooter;
			productReference = E9E9F8A02A7B12E9009400E9 /* SpaceShooter.app */;
			productType = "com.apple.product-type.application";
		};
/* End PBXNativeTarget section */

/* Begin PBXProject section */
		E9E9F8982A7B12E9009400E9 /* Project object */ = {
			isa = PBXProject;
			attributes = {
				BuildIndependentTargetsInParallel = 1;
				LastSwiftUpdateCheck = 1430;
				LastUpgradeCheck = 1430;
				TargetAttributes = {
					E9E9F89F2A7B12E9009400E9 = {
						CreatedOnToolsVersion = 14.3;
					};
				};
			};
			buildConfigurationList = E9E9F89B2A7B12E9009400E9 /* Build configuration list for PBXProject "SpaceShooter" */;
			compatibilityVersion = "Xcode 14.0";
			developmentRegion = en;
			hasScannedForEncodings = 0;
			knownRegions = (
				en,
				Base,
			);
			mainGroup = E9E9F8972A7B12E9009400E9;
			productRefGroup = E9E9F8A12A7B12E9009400E9 /* Products */;
			projectDirPath = "";
			projectRoot = "";
			targets = (
				E9E9F89F2A7B12E9009400E9 /* SpaceShooter */,
			);
		};
/* End PBXProject section */

/* Begin PBXResourcesBuildPhase section */
		E9E9F89E2A7B12E9009400E9 /* Resources */ = {
			isa = PBXResourcesBuildPhase;
			buildActionMask = 2147483647;
			files = (
				E9E9F8AB2A7B12EA009400E9 /* Preview Assets.xcassets in Resources */,
				E9E9F8A82A7B12EA009400E9 /* Assets.xcassets in Resources */,
				E99E29F32A7EA3A700142A22 /* Assets.xcassets in Resources */,
				E93E06912A7C492E00240069 /* ExplosionOne.sks in Resources */,
			);
			runOnlyForDeploymentPostprocessing = 0;
		};
/* End PBXResourcesBuildPhase section */

/* Begin PBXSourcesBuildPhase section */
		E9E9F89C2A7B12E9009400E9 /* Sources */ = {
			isa = PBXSourcesBuildPhase;
			buildActionMask = 2147483647;
			files = (
				E96957742A804D4D00DFDA0E /* PrimaryButton.swift in Sources */,
				E9E9F8B22A7B139A009400E9 /* GameScene.swift in Sources */,
				E9E9F8A62A7B12E9009400E9 /* ContentView.swift in Sources */,
				E99E29ED2A7EA0D400142A22 /* GameScene+UI.swift in Sources */,
				E96957722A804AE800DFDA0E /* StartView.swift in Sources */,
				E92332702A7BD41E002D4C7C /* Enums.swift in Sources */,
				E99E29EB2A7EA04200142A22 /* GameScene+Touches.swift in Sources */,
				E99E29EF2A7EA1F000142A22 /* GameScene+Collisions.swift in Sources */,
				E9E9F8A42A7B12E9009400E9 /* SpaceShooterApp.swift in Sources */,
			);
			runOnlyForDeploymentPostprocessing = 0;
		};
/* End PBXSourcesBuildPhase section */

/* Begin XCBuildConfiguration section */
		E9E9F8AC2A7B12EA009400E9 /* Debug */ = {
			isa = XCBuildConfiguration;
			buildSettings = {
				ALWAYS_SEARCH_USER_PATHS = NO;
				CLANG_ANALYZER_NONNULL = YES;
				CLANG_ANALYZER_NUMBER_OBJECT_CONVERSION = YES_AGGRESSIVE;
				CLANG_CXX_LANGUAGE_STANDARD = "gnu++20";
				CLANG_ENABLE_MODULES = YES;
				CLANG_ENABLE_OBJC_ARC = YES;
				CLANG_ENABLE_OBJC_WEAK = YES;
				CLANG_WARN_BLOCK_CAPTURE_AUTORELEASING = YES;
				CLANG_WARN_BOOL_CONVERSION = YES;
				CLANG_WARN_COMMA = YES;
				CLANG_WARN_CONSTANT_CONVERSION = YES;
				CLANG_WARN_DEPRECATED_OBJC_IMPLEMENTATIONS = YES;
				CLANG_WARN_DIRECT_OBJC_ISA_USAGE = YES_ERROR;
				CLANG_WARN_DOCUMENTATION_COMMENTS = YES;
				CLANG_WARN_EMPTY_BODY = YES;
				CLANG_WARN_ENUM_CONVERSION = YES;
				CLANG_WARN_INFINITE_RECURSION = YES;
				CLANG_WARN_INT_CONVERSION = YES;
				CLANG_WARN_NON_LITERAL_NULL_CONVERSION = YES;
				CLANG_WARN_OBJC_IMPLICIT_RETAIN_SELF = YES;
				CLANG_WARN_OBJC_LITERAL_CONVERSION = YES;
				CLANG_WARN_OBJC_ROOT_CLASS = YES_ERROR;
				CLANG_WARN_QUOTED_INCLUDE_IN_FRAMEWORK_HEADER = YES;
				CLANG_WARN_RANGE_LOOP_ANALYSIS = YES;
				CLANG_WARN_STRICT_PROTOTYPES = YES;
				CLANG_WARN_SUSPICIOUS_MOVE = YES;
				CLANG_WARN_UNGUARDED_AVAILABILITY = YES_AGGRESSIVE;
				CLANG_WARN_UNREACHABLE_CODE = YES;
				CLANG_WARN__DUPLICATE_METHOD_MATCH = YES;
				COPY_PHASE_STRIP = NO;
				DEBUG_INFORMATION_FORMAT = dwarf;
				ENABLE_STRICT_OBJC_MSGSEND = YES;
				ENABLE_TESTABILITY = YES;
				GCC_C_LANGUAGE_STANDARD = gnu11;
				GCC_DYNAMIC_NO_PIC = NO;
				GCC_NO_COMMON_BLOCKS = YES;
				GCC_OPTIMIZATION_LEVEL = 0;
				GCC_PREPROCESSOR_DEFINITIONS = (
					"DEBUG=1",
					"$(inherited)",
				);
				GCC_WARN_64_TO_32_BIT_CONVERSION = YES;
				GCC_WARN_ABOUT_RETURN_TYPE = YES_ERROR;
				GCC_WARN_UNDECLARED_SELECTOR = YES;
				GCC_WARN_UNINITIALIZED_AUTOS = YES_AGGRESSIVE;
				GCC_WARN_UNUSED_FUNCTION = YES;
				GCC_WARN_UNUSED_VARIABLE = YES;
				IPHONEOS_DEPLOYMENT_TARGET = 16.4;
				MTL_ENABLE_DEBUG_INFO = INCLUDE_SOURCE;
				MTL_FAST_MATH = YES;
				ONLY_ACTIVE_ARCH = YES;
				SDKROOT = iphoneos;
				SWIFT_ACTIVE_COMPILATION_CONDITIONS = DEBUG;
				SWIFT_OPTIMIZATION_LEVEL = "-Onone";
			};
			name = Debug;
		};
		E9E9F8AD2A7B12EA009400E9 /* Release */ = {
			isa = XCBuildConfiguration;
			buildSettings = {
				ALWAYS_SEARCH_USER_PATHS = NO;
				CLANG_ANALYZER_NONNULL = YES;
				CLANG_ANALYZER_NUMBER_OBJECT_CONVERSION = YES_AGGRESSIVE;
				CLANG_CXX_LANGUAGE_STANDARD = "gnu++20";
				CLANG_ENABLE_MODULES = YES;
				CLANG_ENABLE_OBJC_ARC = YES;
				CLANG_ENABLE_OBJC_WEAK = YES;
				CLANG_WARN_BLOCK_CAPTURE_AUTORELEASING = YES;
				CLANG_WARN_BOOL_CONVERSION = YES;
				CLANG_WARN_COMMA = YES;
				CLANG_WARN_CONSTANT_CONVERSION = YES;
				CLANG_WARN_DEPRECATED_OBJC_IMPLEMENTATIONS = YES;
				CLANG_WARN_DIRECT_OBJC_ISA_USAGE = YES_ERROR;
				CLANG_WARN_DOCUMENTATION_COMMENTS = YES;
				CLANG_WARN_EMPTY_BODY = YES;
				CLANG_WARN_ENUM_CONVERSION = YES;
				CLANG_WARN_INFINITE_RECURSION = YES;
				CLANG_WARN_INT_CONVERSION = YES;
				CLANG_WARN_NON_LITERAL_NULL_CONVERSION = YES;
				CLANG_WARN_OBJC_IMPLICIT_RETAIN_SELF = YES;
				CLANG_WARN_OBJC_LITERAL_CONVERSION = YES;
				CLANG_WARN_OBJC_ROOT_CLASS = YES_ERROR;
				CLANG_WARN_QUOTED_INCLUDE_IN_FRAMEWORK_HEADER = YES;
				CLANG_WARN_RANGE_LOOP_ANALYSIS = YES;
				CLANG_WARN_STRICT_PROTOTYPES = YES;
				CLANG_WARN_SUSPICIOUS_MOVE = YES;
				CLANG_WARN_UNGUARDED_AVAILABILITY = YES_AGGRESSIVE;
				CLANG_WARN_UNREACHABLE_CODE = YES;
				CLANG_WARN__DUPLICATE_METHOD_MATCH = YES;
				COPY_PHASE_STRIP = NO;
				DEBUG_INFORMATION_FORMAT = "dwarf-with-dsym";
				ENABLE_NS_ASSERTIONS = NO;
				ENABLE_STRICT_OBJC_MSGSEND = YES;
				GCC_C_LANGUAGE_STANDARD = gnu11;
				GCC_NO_COMMON_BLOCKS = YES;
				GCC_WARN_64_TO_32_BIT_CONVERSION = YES;
				GCC_WARN_ABOUT_RETURN_TYPE = YES_ERROR;
				GCC_WARN_UNDECLARED_SELECTOR = YES;
				GCC_WARN_UNINITIALIZED_AUTOS = YES_AGGRESSIVE;
				GCC_WARN_UNUSED_FUNCTION = YES;
				GCC_WARN_UNUSED_VARIABLE = YES;
				IPHONEOS_DEPLOYMENT_TARGET = 16.4;
				MTL_ENABLE_DEBUG_INFO = NO;
				MTL_FAST_MATH = YES;
				SDKROOT = iphoneos;
				SWIFT_COMPILATION_MODE = wholemodule;
				SWIFT_OPTIMIZATION_LEVEL = "-O";
				VALIDATE_PRODUCT = YES;
			};
			name = Release;
		};
		E9E9F8AF2A7B12EA009400E9 /* Debug */ = {
			isa = XCBuildConfiguration;
			buildSettings = {
				ASSETCATALOG_COMPILER_APPICON_NAME = AppIcon;
				ASSETCATALOG_COMPILER_GLOBAL_ACCENT_COLOR_NAME = AccentColor;
				CODE_SIGN_STYLE = Automatic;
				CURRENT_PROJECT_VERSION = 1;
				DEVELOPMENT_ASSET_PATHS = "\"SpaceShooter/Preview Content\"";
				DEVELOPMENT_TEAM = 5S88AY6J4R;
				ENABLE_PREVIEWS = YES;
				GENERATE_INFOPLIST_FILE = YES;
				INFOPLIST_KEY_UIApplicationSceneManifest_Generation = YES;
				INFOPLIST_KEY_UIApplicationSupportsIndirectInputEvents = YES;
				INFOPLIST_KEY_UILaunchScreen_Generation = YES;
				INFOPLIST_KEY_UISupportedInterfaceOrientations_iPad = "UIInterfaceOrientationPortrait UIInterfaceOrientationPortraitUpsideDown UIInterfaceOrientationLandscapeLeft UIInterfaceOrientationLandscapeRight";
				INFOPLIST_KEY_UISupportedInterfaceOrientations_iPhone = "UIInterfaceOrientationPortrait UIInterfaceOrientationLandscapeLeft UIInterfaceOrientationLandscapeRight";
				LD_RUNPATH_SEARCH_PATHS = (
					"$(inherited)",
					"@executable_path/Frameworks",
				);
				MARKETING_VERSION = 1.0;
				PRODUCT_BUNDLE_IDENTIFIER = br.ufpe.cin.academy.tmc4.SpaceShooter;
				PRODUCT_NAME = "$(TARGET_NAME)";
				SWIFT_EMIT_LOC_STRINGS = YES;
				SWIFT_VERSION = 5.0;
				TARGETED_DEVICE_FAMILY = "1,2";
			};
			name = Debug;
		};
		E9E9F8B02A7B12EA009400E9 /* Release */ = {
			isa = XCBuildConfiguration;
			buildSettings = {
				ASSETCATALOG_COMPILER_APPICON_NAME = AppIcon;
				ASSETCATALOG_COMPILER_GLOBAL_ACCENT_COLOR_NAME = AccentColor;
				CODE_SIGN_STYLE = Automatic;
				CURRENT_PROJECT_VERSION = 1;
				DEVELOPMENT_ASSET_PATHS = "\"SpaceShooter/Preview Content\"";
				DEVELOPMENT_TEAM = 5S88AY6J4R;
				ENABLE_PREVIEWS = YES;
				GENERATE_INFOPLIST_FILE = YES;
				INFOPLIST_KEY_UIApplicationSceneManifest_Generation = YES;
				INFOPLIST_KEY_UIApplicationSupportsIndirectInputEvents = YES;
				INFOPLIST_KEY_UILaunchScreen_Generation = YES;
				INFOPLIST_KEY_UISupportedInterfaceOrientations_iPad = "UIInterfaceOrientationPortrait UIInterfaceOrientationPortraitUpsideDown UIInterfaceOrientationLandscapeLeft UIInterfaceOrientationLandscapeRight";
				INFOPLIST_KEY_UISupportedInterfaceOrientations_iPhone = "UIInterfaceOrientationPortrait UIInterfaceOrientationLandscapeLeft UIInterfaceOrientationLandscapeRight";
				LD_RUNPATH_SEARCH_PATHS = (
					"$(inherited)",
					"@executable_path/Frameworks",
				);
				MARKETING_VERSION = 1.0;
				PRODUCT_BUNDLE_IDENTIFIER = br.ufpe.cin.academy.tmc4.SpaceShooter;
				PRODUCT_NAME = "$(TARGET_NAME)";
				SWIFT_EMIT_LOC_STRINGS = YES;
				SWIFT_VERSION = 5.0;
				TARGETED_DEVICE_FAMILY = "1,2";
			};
			name = Release;
		};
/* End XCBuildConfiguration section */

/* Begin XCConfigurationList section */
		E9E9F89B2A7B12E9009400E9 /* Build configuration list for PBXProject "SpaceShooter" */ = {
			isa = XCConfigurationList;
			buildConfigurations = (
				E9E9F8AC2A7B12EA009400E9 /* Debug */,
				E9E9F8AD2A7B12EA009400E9 /* Release */,
			);
			defaultConfigurationIsVisible = 0;
			defaultConfigurationName = Release;
		};
		E9E9F8AE2A7B12EA009400E9 /* Build configuration list for PBXNativeTarget "SpaceShooter" */ = {
			isa = XCConfigurationList;
			buildConfigurations = (
				E9E9F8AF2A7B12EA009400E9 /* Debug */,
				E9E9F8B02A7B12EA009400E9 /* Release */,
			);
			defaultConfigurationIsVisible = 0;
			defaultConfigurationName = Release;
		};
/* End XCConfigurationList section */
	};
	rootObject = E9E9F8982A7B12E9009400E9 /* Project object */;
}
